
Microsoft Visual Studio Solution File, Format Version 12.00
# Visual Studio Version 16
VisualStudioVersion = 16.0.31112.23
MinimumVisualStudioVersion = 10.0.40219.1
Project("{FAE04EC0-301F-11D3-BF4B-00C04F79EFBC}") = "08_MyPage", "08_MyPage\08_MyPage.csproj", "{FC3E4975-E403-4A68-93CB-2073770B83D5}"
EndProject
Global
	GlobalSection(SolutionConfigurationPlatforms) = preSolution
		Debug|Any CPU = Debug|Any CPU
		Release|Any CPU = Release|Any CPU
	EndGlobalSection
	GlobalSection(ProjectConfigurationPlatforms) = postSolution
		{FC3E4975-E403-4A68-93CB-2073770B83D5}.Debug|Any CPU.ActiveCfg = Debug|Any CPU
		{FC3E4975-E403-4A68-93CB-2073770B83D5}.Debug|Any CPU.Build.0 = Debug|Any CPU
		{FC3E4975-E403-4A68-93CB-2073770B83D5}.Release|Any CPU.ActiveCfg = Release|Any CPU
		{FC3E4975-E403-4A68-93CB-2073770B83D5}.Release|Any CPU.Build.0 = Release|Any CPU
	EndGlobalSection
	GlobalSection(SolutionProperties) = preSolution
		HideSolutionNode = FALSE
	EndGlobalSection
	GlobalSection(ExtensibilityGlobals) = postSolution
		SolutionGuid = {792433D5-79CF-47E1-A3BF-F2E573AD34F0}
	EndGlobalSection
EndGlobal
